// !$*UTF8*$!
{
	archiveVersion = 1;
	classes = {
	};
	objectVersion = 46;
	objects = {

/* Begin PBXBuildFile section */
		DCB9BFFF1A6C4CF2004171DF /* AppDelegate.swift in Sources */ = {isa = PBXBuildFile; fileRef = DCB9BFFE1A6C4CF2004171DF /* AppDelegate.swift */; };
		DCB9C0011A6C4CF2004171DF /* ViewController.swift in Sources */ = {isa = PBXBuildFile; fileRef = DCB9C0001A6C4CF2004171DF /* ViewController.swift */; };
		DCB9C0041A6C4CF2004171DF /* Main.storyboard in Resources */ = {isa = PBXBuildFile; fileRef = DCB9C0021A6C4CF2004171DF /* Main.storyboard */; };
		DCB9C0061A6C4CF2004171DF /* Images.xcassets in Resources */ = {isa = PBXBuildFile; fileRef = DCB9C0051A6C4CF2004171DF /* Images.xcassets */; };
		DCB9C0091A6C4CF2004171DF /* LaunchScreen.xib in Resources */ = {isa = PBXBuildFile; fileRef = DCB9C0071A6C4CF2004171DF /* LaunchScreen.xib */; };
		DCB9C0151A6C4CF3004171DF /* CoreDataClientSampleTests.swift in Sources */ = {isa = PBXBuildFile; fileRef = DCB9C0141A6C4CF3004171DF /* CoreDataClientSampleTests.swift */; };
/* End PBXBuildFile section */

/* Begin PBXContainerItemProxy section */
		DCB9C00F1A6C4CF3004171DF /* PBXContainerItemProxy */ = {
			isa = PBXContainerItemProxy;
			containerPortal = DCB9BFF11A6C4CF2004171DF /* Project object */;
			proxyType = 1;
			remoteGlobalIDString = DCB9BFF81A6C4CF2004171DF;
			remoteInfo = CoreDataClientSample;
		};
/* End PBXContainerItemProxy section */

/* Begin PBXFileReference section */
		DCB9BFF91A6C4CF2004171DF /* CoreDataClientSample.app */ = {isa = PBXFileReference; explicitFileType = wrapper.application; includeInIndex = 0; path = CoreDataClientSample.app; sourceTree = BUILT_PRODUCTS_DIR; };
		DCB9BFFD1A6C4CF2004171DF /* Info.plist */ = {isa = PBXFileReference; lastKnownFileType = text.plist.xml; path = Info.plist; sourceTree = "<group>"; };
		DCB9BFFE1A6C4CF2004171DF /* AppDelegate.swift */ = {isa = PBXFileReference; lastKnownFileType = sourcecode.swift; path = AppDelegate.swift; sourceTree = "<group>"; };
		DCB9C0001A6C4CF2004171DF /* ViewController.swift */ = {isa = PBXFileReference; lastKnownFileType = sourcecode.swift; path = ViewController.swift; sourceTree = "<group>"; };
		DCB9C0031A6C4CF2004171DF /* Base */ = {isa = PBXFileReference; lastKnownFileType = file.storyboard; name = Base; path = Base.lproj/Main.storyboard; sourceTree = "<group>"; };
		DCB9C0051A6C4CF2004171DF /* Images.xcassets */ = {isa = PBXFileReference; lastKnownFileType = folder.assetcatalog; path = Images.xcassets; sourceTree = "<group>"; };
		DCB9C0081A6C4CF2004171DF /* Base */ = {isa = PBXFileReference; lastKnownFileType = file.xib; name = Base; path = Base.lproj/LaunchScreen.xib; sourceTree = "<group>"; };
		DCB9C00E1A6C4CF3004171DF /* CoreDataClientSampleTests.xctest */ = {isa = PBXFileReference; explicitFileType = wrapper.cfbundle; includeInIndex = 0; path = CoreDataClientSampleTests.xctest; sourceTree = BUILT_PRODUCTS_DIR; };
		DCB9C0131A6C4CF3004171DF /* Info.plist */ = {isa = PBXFileReference; lastKnownFileType = text.plist.xml; path = Info.plist; sourceTree = "<group>"; };
		DCB9C0141A6C4CF3004171DF /* CoreDataClientSampleTests.swift */ = {isa = PBXFileReference; lastKnownFileType = sourcecode.swift; path = CoreDataClientSampleTests.swift; sourceTree = "<group>"; };
/* End PBXFileReference section */

/* Begin PBXFrameworksBuildPhase section */
		DCB9BFF61A6C4CF2004171DF /* Frameworks */ = {
			isa = PBXFrameworksBuildPhase;
			buildActionMask = 2147483647;
			files = (
			);
			runOnlyForDeploymentPostprocessing = 0;
		};
		DCB9C00B1A6C4CF3004171DF /* Frameworks */ = {
			isa = PBXFrameworksBuildPhase;
			buildActionMask = 2147483647;
			files = (
			);
			runOnlyForDeploymentPostprocessing = 0;
		};
/* End PBXFrameworksBuildPhase section */

/* Begin PBXGroup section */
		DCB9BFF01A6C4CF2004171DF = {
			isa = PBXGroup;
			children = (
				DCB9BFFB1A6C4CF2004171DF /* CoreDataClientSample */,
				DCB9C0111A6C4CF3004171DF /* CoreDataClientSampleTests */,
				DCB9BFFA1A6C4CF2004171DF /* Products */,
			);
			sourceTree = "<group>";
		};
		DCB9BFFA1A6C4CF2004171DF /* Products */ = {
			isa = PBXGroup;
			children = (
				DCB9BFF91A6C4CF2004171DF /* CoreDataClientSample.app */,
				DCB9C00E1A6C4CF3004171DF /* CoreDataClientSampleTests.xctest */,
			);
			name = Products;
			sourceTree = "<group>";
		};
		DCB9BFFB1A6C4CF2004171DF /* CoreDataClientSample */ = {
			isa = PBXGroup;
			children = (
				DCB9BFFE1A6C4CF2004171DF /* AppDelegate.swift */,
				DCB9C0001A6C4CF2004171DF /* ViewController.swift */,
				DCB9C0021A6C4CF2004171DF /* Main.storyboard */,
				DCB9C0051A6C4CF2004171DF /* Images.xcassets */,
				DCB9C0071A6C4CF2004171DF /* LaunchScreen.xib */,
				DCB9BFFC1A6C4CF2004171DF /* Supporting Files */,
			);
			path = CoreDataClientSample;
			sourceTree = "<group>";
		};
		DCB9BFFC1A6C4CF2004171DF /* Supporting Files */ = {
			isa = PBXGroup;
			children = (
				DCB9BFFD1A6C4CF2004171DF /* Info.plist */,
			);
			name = "Supporting Files";
			sourceTree = "<group>";
		};
		DCB9C0111A6C4CF3004171DF /* CoreDataClientSampleTests */ = {
			isa = PBXGroup;
			children = (
				DCB9C0141A6C4CF3004171DF /* CoreDataClientSampleTests.swift */,
				DCB9C0121A6C4CF3004171DF /* Supporting Files */,
			);
			path = CoreDataClientSampleTests;
			sourceTree = "<group>";
		};
		DCB9C0121A6C4CF3004171DF /* Supporting Files */ = {
			isa = PBXGroup;
			children = (
				DCB9C0131A6C4CF3004171DF /* Info.plist */,
			);
			name = "Supporting Files";
			sourceTree = "<group>";
		};
/* End PBXGroup section */

/* Begin PBXNativeTarget section */
		DCB9BFF81A6C4CF2004171DF /* CoreDataClientSample */ = {
			isa = PBXNativeTarget;
			buildConfigurationList = DCB9C0181A6C4CF3004171DF /* Build configuration list for PBXNativeTarget "CoreDataClientSample" */;
			buildPhases = (
				DCB9BFF51A6C4CF2004171DF /* Sources */,
				DCB9BFF61A6C4CF2004171DF /* Frameworks */,
				DCB9BFF71A6C4CF2004171DF /* Resources */,
			);
			buildRules = (
			);
			dependencies = (
			);
			name = CoreDataClientSample;
			productName = CoreDataClientSample;
			productReference = DCB9BFF91A6C4CF2004171DF /* CoreDataClientSample.app */;
			productType = "com.apple.product-type.application";
		};
		DCB9C00D1A6C4CF3004171DF /* CoreDataClientSampleTests */ = {
			isa = PBXNativeTarget;
			buildConfigurationList = DCB9C01B1A6C4CF3004171DF /* Build configuration list for PBXNativeTarget "CoreDataClientSampleTests" */;
			buildPhases = (
				DCB9C00A1A6C4CF3004171DF /* Sources */,
				DCB9C00B1A6C4CF3004171DF /* Frameworks */,
				DCB9C00C1A6C4CF3004171DF /* Resources */,
			);
			buildRules = (
			);
			dependencies = (
				DCB9C0101A6C4CF3004171DF /* PBXTargetDependency */,
			);
			name = CoreDataClientSampleTests;
			productName = CoreDataClientSampleTests;
			productReference = DCB9C00E1A6C4CF3004171DF /* CoreDataClientSampleTests.xctest */;
			productType = "com.apple.product-type.bundle.unit-test";
		};
/* End PBXNativeTarget section */

/* Begin PBXProject section */
		DCB9BFF11A6C4CF2004171DF /* Project object */ = {
			isa = PBXProject;
			attributes = {
				LastUpgradeCheck = 0610;
				ORGANIZATIONNAME = "Nathaniel Potter";
				TargetAttributes = {
					DCB9BFF81A6C4CF2004171DF = {
						CreatedOnToolsVersion = 6.1.1;
					};
					DCB9C00D1A6C4CF3004171DF = {
						CreatedOnToolsVersion = 6.1.1;
						TestTargetID = DCB9BFF81A6C4CF2004171DF;
					};
				};
			};
			buildConfigurationList = DCB9BFF41A6C4CF2004171DF /* Build configuration list for PBXProject "CoreDataClientSample" */;
			compatibilityVersion = "Xcode 3.2";
			developmentRegion = English;
			hasScannedForEncodings = 0;
			knownRegions = (
				en,
				Base,
			);
			mainGroup = DCB9BFF01A6C4CF2004171DF;
			productRefGroup = DCB9BFFA1A6C4CF2004171DF /* Products */;
			projectDirPath = "";
			projectRoot = "";
			targets = (
				DCB9BFF81A6C4CF2004171DF /* CoreDataClientSample */,
				DCB9C00D1A6C4CF3004171DF /* CoreDataClientSampleTests */,
			);
		};
/* End PBXProject section */

/* Begin PBXResourcesBuildPhase section */
		DCB9BFF71A6C4CF2004171DF /* Resources */ = {
			isa = PBXResourcesBuildPhase;
			buildActionMask = 2147483647;
			files = (
				DCB9C0041A6C4CF2004171DF /* Main.storyboard in Resources */,
				DCB9C0091A6C4CF2004171DF /* LaunchScreen.xib in Resources */,
				DCB9C0061A6C4CF2004171DF /* Images.xcassets in Resources */,
			);
			runOnlyForDeploymentPostprocessing = 0;
		};
		DCB9C00C1A6C4CF3004171DF /* Resources */ = {
			isa = PBXResourcesBuildPhase;
			buildActionMask = 2147483647;
			files = (
			);
			runOnlyForDeploymentPostprocessing = 0;
		};
/* End PBXResourcesBuildPhase section */

/* Begin PBXSourcesBuildPhase section */
		DCB9BFF51A6C4CF2004171DF /* Sources */ = {
			isa = PBXSourcesBuildPhase;
			buildActionMask = 2147483647;
			files = (
				DCB9C0011A6C4CF2004171DF /* ViewController.swift in Sources */,
				DCB9BFFF1A6C4CF2004171DF /* AppDelegate.swift in Sources */,
			);
			runOnlyForDeploymentPostprocessing = 0;
		};
		DCB9C00A1A6C4CF3004171DF /* Sources */ = {
			isa = PBXSourcesBuildPhase;
			buildActionMask = 2147483647;
			files = (
				DCB9C0151A6C4CF3004171DF /* CoreDataClientSampleTests.swift in Sources */,
			);
			runOnlyForDeploymentPostprocessing = 0;
		};
/* End PBXSourcesBuildPhase section */

/* Begin PBXTargetDependency section */
		DCB9C0101A6C4CF3004171DF /* PBXTargetDependency */ = {
			isa = PBXTargetDependency;
			target = DCB9BFF81A6C4CF2004171DF /* CoreDataClientSample */;
			targetProxy = DCB9C00F1A6C4CF3004171DF /* PBXContainerItemProxy */;
		};
/* End PBXTargetDependency section */

/* Begin PBXVariantGroup section */
		DCB9C0021A6C4CF2004171DF /* Main.storyboard */ = {
			isa = PBXVariantGroup;
			children = (
				DCB9C0031A6C4CF2004171DF /* Base */,
			);
			name = Main.storyboard;
			sourceTree = "<group>";
		};
		DCB9C0071A6C4CF2004171DF /* LaunchScreen.xib */ = {
			isa = PBXVariantGroup;
			children = (
				DCB9C0081A6C4CF2004171DF /* Base */,
			);
			name = LaunchScreen.xib;
			sourceTree = "<group>";
		};
/* End PBXVariantGroup section */

/* Begin XCBuildConfiguration section */
		DCB9C0161A6C4CF3004171DF /* Debug */ = {
			isa = XCBuildConfiguration;
			buildSettings = {
				ALWAYS_SEARCH_USER_PATHS = NO;
				CLANG_CXX_LANGUAGE_STANDARD = "gnu++0x";
				CLANG_CXX_LIBRARY = "libc++";
				CLANG_ENABLE_MODULES = YES;
				CLANG_ENABLE_OBJC_ARC = YES;
				CLANG_WARN_BOOL_CONVERSION = YES;
				CLANG_WARN_CONSTANT_CONVERSION = YES;
				CLANG_WARN_DIRECT_OBJC_ISA_USAGE = YES_ERROR;
				CLANG_WARN_EMPTY_BODY = YES;
				CLANG_WARN_ENUM_CONVERSION = YES;
				CLANG_WARN_INT_CONVERSION = YES;
				CLANG_WARN_OBJC_ROOT_CLASS = YES_ERROR;
				CLANG_WARN_UNREACHABLE_CODE = YES;
				CLANG_WARN__DUPLICATE_METHOD_MATCH = YES;
				"CODE_SIGN_IDENTITY[sdk=iphoneos*]" = "iPhone Developer";
				COPY_PHASE_STRIP = NO;
				ENABLE_STRICT_OBJC_MSGSEND = YES;
				GCC_C_LANGUAGE_STANDARD = gnu99;
				GCC_DYNAMIC_NO_PIC = NO;
				GCC_OPTIMIZATION_LEVEL = 0;
				GCC_PREPROCESSOR_DEFINITIONS = (
					"DEBUG=1",
					"$(inherited)",
				);
				GCC_SYMBOLS_PRIVATE_EXTERN = NO;
				GCC_WARN_64_TO_32_BIT_CONVERSION = YES;
				GCC_WARN_ABOUT_RETURN_TYPE = YES_ERROR;
				GCC_WARN_UNDECLARED_SELECTOR = YES;
				GCC_WARN_UNINITIALIZED_AUTOS = YES_AGGRESSIVE;
				GCC_WARN_UNUSED_FUNCTION = YES;
				GCC_WARN_UNUSED_VARIABLE = YES;
				IPHONEOS_DEPLOYMENT_TARGET = 8.1;
				MTL_ENABLE_DEBUG_INFO = YES;
				ONLY_ACTIVE_ARCH = YES;
				SDKROOT = iphoneos;
				SWIFT_OPTIMIZATION_LEVEL = "-Onone";
				TARGETED_DEVICE_FAMILY = "1,2";
			};
			name = Debug;
		};
		DCB9C0171A6C4CF3004171DF /* Release */ = {
			isa = XCBuildConfiguration;
			buildSettings = {
				ALWAYS_SEARCH_USER_PATHS = NO;
				CLANG_CXX_LANGUAGE_STANDARD = "gnu++0x";
				CLANG_CXX_LIBRARY = "libc++";
				CLANG_ENABLE_MODULES = YES;
				CLANG_ENABLE_OBJC_ARC = YES;
				CLANG_WARN_BOOL_CONVERSION = YES;
				CLANG_WARN_CONSTANT_CONVERSION = YES;
				CLANG_WARN_DIRECT_OBJC_ISA_USAGE = YES_ERROR;
				CLANG_WARN_EMPTY_BODY = YES;
				CLANG_WARN_ENUM_CONVERSION = YES;
				CLANG_WARN_INT_CONVERSION = YES;
				CLANG_WARN_OBJC_ROOT_CLASS = YES_ERROR;
				CLANG_WARN_UNREACHABLE_CODE = YES;
				CLANG_WARN__DUPLICATE_METHOD_MATCH = YES;
				"CODE_SIGN_IDENTITY[sdk=iphoneos*]" = "iPhone Developer";
				COPY_PHASE_STRIP = YES;
				ENABLE_NS_ASSERTIONS = NO;
				ENABLE_STRICT_OBJC_MSGSEND = YES;
				GCC_C_LANGUAGE_STANDARD = gnu99;
				GCC_WARN_64_TO_32_BIT_CONVERSION = YES;
				GCC_WARN_ABOUT_RETURN_TYPE = YES_ERROR;
				GCC_WARN_UNDECLARED_SELECTOR = YES;
				GCC_WARN_UNINITIALIZED_AUTOS = YES_AGGRESSIVE;
				GCC_WARN_UNUSED_FUNCTION = YES;
				GCC_WARN_UNUSED_VARIABLE = YES;
				IPHONEOS_DEPLOYMENT_TARGET = 8.1;
				MTL_ENABLE_DEBUG_INFO = NO;
				SDKROOT = iphoneos;
				TARGETED_DEVICE_FAMILY = "1,2";
				VALIDATE_PRODUCT = YES;
			};
			name = Release;
		};
		DCB9C0191A6C4CF3004171DF /* Debug */ = {
			isa = XCBuildConfiguration;
			buildSettings = {
				ASSETCATALOG_COMPILER_APPICON_NAME = AppIcon;
				INFOPLIST_FILE = CoreDataClientSample/Info.plist;
				LD_RUNPATH_SEARCH_PATHS = "$(inherited) @executable_path/Frameworks";
				PRODUCT_NAME = "$(TARGET_NAME)";
			};
			name = Debug;
		};
		DCB9C01A1A6C4CF3004171DF /* Release */ = {
			isa = XCBuildConfiguration;
			buildSettings = {
				ASSETCATALOG_COMPILER_APPICON_NAME = AppIcon;
				INFOPLIST_FILE = CoreDataClientSample/Info.plist;
				LD_RUNPATH_SEARCH_PATHS = "$(inherited) @executable_path/Frameworks";
				PRODUCT_NAME = "$(TARGET_NAME)";
			};
			name = Release;
		};
		DCB9C01C1A6C4CF3004171DF /* Debug */ = {
			isa = XCBuildConfiguration;
			buildSettings = {
				BUNDLE_LOADER = "$(TEST_HOST)";
				FRAMEWORK_SEARCH_PATHS = (
					"$(SDKROOT)/Developer/Library/Frameworks",
					"$(inherited)",
				);
				GCC_PREPROCESSOR_DEFINITIONS = (
					"DEBUG=1",
					"$(inherited)",
				);
				INFOPLIST_FILE = CoreDataClientSampleTests/Info.plist;
				LD_RUNPATH_SEARCH_PATHS = "$(inherited) @executable_path/Frameworks @loader_path/Frameworks";
				PRODUCT_NAME = "$(TARGET_NAME)";
				TEST_HOST = "$(BUILT_PRODUCTS_DIR)/CoreDataClientSample.app/CoreDataClientSample";
			};
			name = Debug;
		};
		DCB9C01D1A6C4CF3004171DF /* Release */ = {
			isa = XCBuildConfiguration;
			buildSettings = {
				BUNDLE_LOADER = "$(TEST_HOST)";
				FRAMEWORK_SEARCH_PATHS = (
					"$(SDKROOT)/Developer/Library/Frameworks",
					"$(inherited)",
				);
				INFOPLIST_FILE = CoreDataClientSampleTests/Info.plist;
				LD_RUNPATH_SEARCH_PATHS = "$(inherited) @executable_path/Frameworks @loader_path/Frameworks";
				PRODUCT_NAME = "$(TARGET_NAME)";
				TEST_HOST = "$(BUILT_PRODUCTS_DIR)/CoreDataClientSample.app/CoreDataClientSample";
			};
			name = Release;
		};
/* End XCBuildConfiguration section */

/* Begin XCConfigurationList section */
		DCB9BFF41A6C4CF2004171DF /* Build configuration list for PBXProject "CoreDataClientSample" */ = {
			isa = XCConfigurationList;
			buildConfigurations = (
				DCB9C0161A6C4CF3004171DF /* Debug */,
				DCB9C0171A6C4CF3004171DF /* Release */,
			);
			defaultConfigurationIsVisible = 0;
			defaultConfigurationName = Release;
		};
		DCB9C0181A6C4CF3004171DF /* Build configuration list for PBXNativeTarget "CoreDataClientSample" */ = {
			isa = XCConfigurationList;
			buildConfigurations = (
				DCB9C0191A6C4CF3004171DF /* Debug */,
				DCB9C01A1A6C4CF3004171DF /* Release */,
			);
			defaultConfigurationIsVisible = 0;
		};
		DCB9C01B1A6C4CF3004171DF /* Build configuration list for PBXNativeTarget "CoreDataClientSampleTests" */ = {
			isa = XCConfigurationList;
			buildConfigurations = (
				DCB9C01C1A6C4CF3004171DF /* Debug */,
				DCB9C01D1A6C4CF3004171DF /* Release */,
			);
			defaultConfigurationIsVisible = 0;
		};
/* End XCConfigurationList section */
	};
	rootObject = DCB9BFF11A6C4CF2004171DF /* Project object */;
}
