// !$*UTF8*$!
{
	archiveVersion = 1;
	classes = {
	};
	objectVersion = 46;
	objects = {

/* Begin PBXBuildFile section */
		60505FFC1AB77E5B006FDBDF /* NSManagedObjectTests+Batch.m in Sources */ = {isa = PBXBuildFile; fileRef = 6018C35D1AB75F11006850C4 /* NSManagedObjectTests+Batch.m */; };
		DC2173E31A9112350061D082 /* NSManagedObject+Batch.m in Sources */ = {isa = PBXBuildFile; fileRef = DC2173CA1A9112350061D082 /* NSManagedObject+Batch.m */; };
		DC2173E41A9112350061D082 /* NSManagedObject+Create.m in Sources */ = {isa = PBXBuildFile; fileRef = DC2173CC1A9112350061D082 /* NSManagedObject+Create.m */; };
		DC2173E51A9112350061D082 /* NSManagedObject+Delete.m in Sources */ = {isa = PBXBuildFile; fileRef = DC2173CE1A9112350061D082 /* NSManagedObject+Delete.m */; };
		DC2173E61A9112350061D082 /* NSManagedObject+Fetch.m in Sources */ = {isa = PBXBuildFile; fileRef = DC2173D01A9112350061D082 /* NSManagedObject+Fetch.m */; };
		DC2173E71A9112350061D082 /* NSManagedObject+JSON.m in Sources */ = {isa = PBXBuildFile; fileRef = DC2173D21A9112350061D082 /* NSManagedObject+JSON.m */; };
		DC2173E81A9112350061D082 /* NSManagedObject+NCCRequest.m in Sources */ = {isa = PBXBuildFile; fileRef = DC2173D41A9112350061D082 /* NSManagedObject+NCCRequest.m */; };
		DC2173E91A9112350061D082 /* NSManagedObject+Save.m in Sources */ = {isa = PBXBuildFile; fileRef = DC2173D61A9112350061D082 /* NSManagedObject+Save.m */; };
		DC2173EA1A9112350061D082 /* NSManagedObject+Utilities.m in Sources */ = {isa = PBXBuildFile; fileRef = DC2173D81A9112350061D082 /* NSManagedObject+Utilities.m */; };
		DC2173EB1A9112350061D082 /* NSManagedObject+XML.m in Sources */ = {isa = PBXBuildFile; fileRef = DC2173DA1A9112350061D082 /* NSManagedObject+XML.m */; };
		DC2173EC1A9112350061D082 /* NSManagedObjectContext+Create.m in Sources */ = {isa = PBXBuildFile; fileRef = DC2173DC1A9112350061D082 /* NSManagedObjectContext+Create.m */; };
		DC2173ED1A9112350061D082 /* NSManagedObjectContext+Edit.m in Sources */ = {isa = PBXBuildFile; fileRef = DC2173DE1A9112350061D082 /* NSManagedObjectContext+Edit.m */; };
		DC2173EE1A9112350061D082 /* NSMutableURLRequest+NCCCreate.m in Sources */ = {isa = PBXBuildFile; fileRef = DC2173E01A9112350061D082 /* NSMutableURLRequest+NCCCreate.m */; };
		DC2173EF1A9112350061D082 /* UIApplication+NCCCoreData.m in Sources */ = {isa = PBXBuildFile; fileRef = DC2173E21A9112350061D082 /* UIApplication+NCCCoreData.m */; };
		DC2173F21A91236E0061D082 /* Person.m in Sources */ = {isa = PBXBuildFile; fileRef = DC2173F11A91236E0061D082 /* Person.m */; };
		DC2173F61A9126ED0061D082 /* GoogleOpenSource.framework in Frameworks */ = {isa = PBXBuildFile; fileRef = DC2173F31A9126ED0061D082 /* GoogleOpenSource.framework */; };
		DC2173F71A9126ED0061D082 /* GooglePlus.bundle in Resources */ = {isa = PBXBuildFile; fileRef = DC2173F41A9126ED0061D082 /* GooglePlus.bundle */; };
		DC2173F81A9126ED0061D082 /* GooglePlus.framework in Frameworks */ = {isa = PBXBuildFile; fileRef = DC2173F51A9126ED0061D082 /* GooglePlus.framework */; };
		DC2173F91A9182890061D082 /* Foundation.framework in Frameworks */ = {isa = PBXBuildFile; fileRef = DC2D7CA71A09197C0000464F /* Foundation.framework */; };
		DC2173FB1A9182950061D082 /* UIKit.framework in Frameworks */ = {isa = PBXBuildFile; fileRef = DC2173FA1A9182950061D082 /* UIKit.framework */; };
		DC2D7C941A089CB30000464F /* GooglePlusViewController.m in Sources */ = {isa = PBXBuildFile; fileRef = DC2D7C931A089CB30000464F /* GooglePlusViewController.m */; };
		DC2D7C9C1A09194D0000464F /* AddressBook.framework in Frameworks */ = {isa = PBXBuildFile; fileRef = DC2D7C9B1A09194D0000464F /* AddressBook.framework */; };
		DC2D7C9E1A0919520000464F /* AssetsLibrary.framework in Frameworks */ = {isa = PBXBuildFile; fileRef = DC2D7C9D1A0919520000464F /* AssetsLibrary.framework */; };
		DC2D7CA01A09195E0000464F /* CoreLocation.framework in Frameworks */ = {isa = PBXBuildFile; fileRef = DC2D7C9F1A09195D0000464F /* CoreLocation.framework */; };
		DC2D7CA21A0919640000464F /* CoreMotion.framework in Frameworks */ = {isa = PBXBuildFile; fileRef = DC2D7CA11A0919640000464F /* CoreMotion.framework */; };
		DC2D7CA41A0919700000464F /* CoreGraphics.framework in Frameworks */ = {isa = PBXBuildFile; fileRef = DC2D7CA31A0919700000464F /* CoreGraphics.framework */; };
		DC2D7CA61A0919760000464F /* CoreText.framework in Frameworks */ = {isa = PBXBuildFile; fileRef = DC2D7CA51A0919760000464F /* CoreText.framework */; };
		DC2D7CAA1A09198B0000464F /* MediaPlayer.framework in Frameworks */ = {isa = PBXBuildFile; fileRef = DC2D7CA91A09198B0000464F /* MediaPlayer.framework */; };
		DC2D7CAC1A0919910000464F /* Security.framework in Frameworks */ = {isa = PBXBuildFile; fileRef = DC2D7CAB1A0919910000464F /* Security.framework */; };
		DC2D7CAE1A09199E0000464F /* SystemConfiguration.framework in Frameworks */ = {isa = PBXBuildFile; fileRef = DC2D7CAD1A09199E0000464F /* SystemConfiguration.framework */; };
		DC2D7CB41A09D53B0000464F /* Person+Request.m in Sources */ = {isa = PBXBuildFile; fileRef = DC2D7CB31A09D53B0000464F /* Person+Request.m */; };
		DC2D7CB71A09D63D0000464F /* Person+JSON.m in Sources */ = {isa = PBXBuildFile; fileRef = DC2D7CB61A09D63D0000464F /* Person+JSON.m */; };
		DC2D7CBE1A09E8EA0000464F /* Moment+JSON.m in Sources */ = {isa = PBXBuildFile; fileRef = DC2D7CBD1A09E8EA0000464F /* Moment+JSON.m */; };
		DC2D7CC11A09E8F70000464F /* Moment+Request.m in Sources */ = {isa = PBXBuildFile; fileRef = DC2D7CC01A09E8F70000464F /* Moment+Request.m */; };
		DC2D7CC41A09E93D0000464F /* Moment.m in Sources */ = {isa = PBXBuildFile; fileRef = DC2D7CC31A09E93D0000464F /* Moment.m */; };
		DCAC53521A01F40300C23278 /* main.m in Sources */ = {isa = PBXBuildFile; fileRef = DCAC53511A01F40300C23278 /* main.m */; };
		DCAC53551A01F40300C23278 /* AppDelegate.m in Sources */ = {isa = PBXBuildFile; fileRef = DCAC53541A01F40300C23278 /* AppDelegate.m */; };
		DCAC535B1A01F40300C23278 /* Main.storyboard in Resources */ = {isa = PBXBuildFile; fileRef = DCAC53591A01F40300C23278 /* Main.storyboard */; };
		DCAC535D1A01F40300C23278 /* Images.xcassets in Resources */ = {isa = PBXBuildFile; fileRef = DCAC535C1A01F40300C23278 /* Images.xcassets */; };
		DCAC53601A01F40300C23278 /* LaunchScreen.xib in Resources */ = {isa = PBXBuildFile; fileRef = DCAC535E1A01F40300C23278 /* LaunchScreen.xib */; };
		DCAC53D11A0542E700C23278 /* User+Request.m in Sources */ = {isa = PBXBuildFile; fileRef = DCAC53D01A0542E700C23278 /* User+Request.m */; };
		DCB1BD241A059A3600F1991D /* User+JSON.m in Sources */ = {isa = PBXBuildFile; fileRef = DCB1BD231A059A3600F1991D /* User+JSON.m */; };
		DCB1BD2B1A05B74500F1991D /* User.m in Sources */ = {isa = PBXBuildFile; fileRef = DCB1BD2A1A05B74500F1991D /* User.m */; };
		DCB1BD371A05C3EE00F1991D /* NSManagedObject+RequestAdapter.m in Sources */ = {isa = PBXBuildFile; fileRef = DCB1BD361A05C3EE00F1991D /* NSManagedObject+RequestAdapter.m */; };
		DCB1BD3A1A05EC5700F1991D /* Media.m in Sources */ = {isa = PBXBuildFile; fileRef = DCB1BD391A05EC5700F1991D /* Media.m */; };
		DCB1BD3D1A05EC6C00F1991D /* Media+JSON.m in Sources */ = {isa = PBXBuildFile; fileRef = DCB1BD3C1A05EC6C00F1991D /* Media+JSON.m */; };
		DCB1BD401A05EC8100F1991D /* Media+Request.m in Sources */ = {isa = PBXBuildFile; fileRef = DCB1BD3F1A05EC8100F1991D /* Media+Request.m */; };
		DCB1BD431A067CE100F1991D /* Comment.m in Sources */ = {isa = PBXBuildFile; fileRef = DCB1BD421A067CE100F1991D /* Comment.m */; };
		DCB1BD461A067CFC00F1991D /* Comment+JSON.m in Sources */ = {isa = PBXBuildFile; fileRef = DCB1BD451A067CFC00F1991D /* Comment+JSON.m */; };
		DCB1BD491A067D0B00F1991D /* Comment+Request.m in Sources */ = {isa = PBXBuildFile; fileRef = DCB1BD481A067D0B00F1991D /* Comment+Request.m */; };
		DCDAD4DC1A11E07700804617 /* CoreDataClientSample.xcdatamodeld in Sources */ = {isa = PBXBuildFile; fileRef = DCDAD4DA1A11E07700804617 /* CoreDataClientSample.xcdatamodeld */; };
/* End PBXBuildFile section */

/* Begin PBXContainerItemProxy section */
		DCAC53661A01F40300C23278 /* PBXContainerItemProxy */ = {
			isa = PBXContainerItemProxy;
			containerPortal = DCAC53441A01F40300C23278 /* Project object */;
			proxyType = 1;
			remoteGlobalIDString = DCAC534B1A01F40300C23278;
			remoteInfo = iOS;
		};
/* End PBXContainerItemProxy section */

/* Begin PBXFileReference section */
		6018C35B1AB75F11006850C4 /* CoreDataClientTests.m */ = {isa = PBXFileReference; fileEncoding = 4; lastKnownFileType = sourcecode.c.objc; path = CoreDataClientTests.m; sourceTree = "<group>"; };
		6018C35C1AB75F11006850C4 /* NSManagedObjectTests.m */ = {isa = PBXFileReference; fileEncoding = 4; lastKnownFileType = sourcecode.c.objc; path = NSManagedObjectTests.m; sourceTree = "<group>"; };
		6018C35D1AB75F11006850C4 /* NSManagedObjectTests+Batch.m */ = {isa = PBXFileReference; fileEncoding = 4; lastKnownFileType = sourcecode.c.objc; path = "NSManagedObjectTests+Batch.m"; sourceTree = "<group>"; };
		DC2173C81A9112350061D082 /* NCCCoreDataClient.h */ = {isa = PBXFileReference; fileEncoding = 4; lastKnownFileType = sourcecode.c.h; path = NCCCoreDataClient.h; sourceTree = "<group>"; };
		DC2173C91A9112350061D082 /* NSManagedObject+Batch.h */ = {isa = PBXFileReference; fileEncoding = 4; lastKnownFileType = sourcecode.c.h; path = "NSManagedObject+Batch.h"; sourceTree = "<group>"; };
		DC2173CA1A9112350061D082 /* NSManagedObject+Batch.m */ = {isa = PBXFileReference; fileEncoding = 4; lastKnownFileType = sourcecode.c.objc; path = "NSManagedObject+Batch.m"; sourceTree = "<group>"; };
		DC2173CB1A9112350061D082 /* NSManagedObject+Create.h */ = {isa = PBXFileReference; fileEncoding = 4; lastKnownFileType = sourcecode.c.h; path = "NSManagedObject+Create.h"; sourceTree = "<group>"; };
		DC2173CC1A9112350061D082 /* NSManagedObject+Create.m */ = {isa = PBXFileReference; fileEncoding = 4; lastKnownFileType = sourcecode.c.objc; path = "NSManagedObject+Create.m"; sourceTree = "<group>"; };
		DC2173CD1A9112350061D082 /* NSManagedObject+Delete.h */ = {isa = PBXFileReference; fileEncoding = 4; lastKnownFileType = sourcecode.c.h; path = "NSManagedObject+Delete.h"; sourceTree = "<group>"; };
		DC2173CE1A9112350061D082 /* NSManagedObject+Delete.m */ = {isa = PBXFileReference; fileEncoding = 4; lastKnownFileType = sourcecode.c.objc; path = "NSManagedObject+Delete.m"; sourceTree = "<group>"; };
		DC2173CF1A9112350061D082 /* NSManagedObject+Fetch.h */ = {isa = PBXFileReference; fileEncoding = 4; lastKnownFileType = sourcecode.c.h; path = "NSManagedObject+Fetch.h"; sourceTree = "<group>"; };
		DC2173D01A9112350061D082 /* NSManagedObject+Fetch.m */ = {isa = PBXFileReference; fileEncoding = 4; lastKnownFileType = sourcecode.c.objc; path = "NSManagedObject+Fetch.m"; sourceTree = "<group>"; };
		DC2173D11A9112350061D082 /* NSManagedObject+JSON.h */ = {isa = PBXFileReference; fileEncoding = 4; lastKnownFileType = sourcecode.c.h; path = "NSManagedObject+JSON.h"; sourceTree = "<group>"; };
		DC2173D21A9112350061D082 /* NSManagedObject+JSON.m */ = {isa = PBXFileReference; fileEncoding = 4; lastKnownFileType = sourcecode.c.objc; path = "NSManagedObject+JSON.m"; sourceTree = "<group>"; };
		DC2173D31A9112350061D082 /* NSManagedObject+NCCRequest.h */ = {isa = PBXFileReference; fileEncoding = 4; lastKnownFileType = sourcecode.c.h; path = "NSManagedObject+NCCRequest.h"; sourceTree = "<group>"; };
		DC2173D41A9112350061D082 /* NSManagedObject+NCCRequest.m */ = {isa = PBXFileReference; fileEncoding = 4; lastKnownFileType = sourcecode.c.objc; path = "NSManagedObject+NCCRequest.m"; sourceTree = "<group>"; };
		DC2173D51A9112350061D082 /* NSManagedObject+Save.h */ = {isa = PBXFileReference; fileEncoding = 4; lastKnownFileType = sourcecode.c.h; path = "NSManagedObject+Save.h"; sourceTree = "<group>"; };
		DC2173D61A9112350061D082 /* NSManagedObject+Save.m */ = {isa = PBXFileReference; fileEncoding = 4; lastKnownFileType = sourcecode.c.objc; path = "NSManagedObject+Save.m"; sourceTree = "<group>"; };
		DC2173D71A9112350061D082 /* NSManagedObject+Utilities.h */ = {isa = PBXFileReference; fileEncoding = 4; lastKnownFileType = sourcecode.c.h; path = "NSManagedObject+Utilities.h"; sourceTree = "<group>"; };
		DC2173D81A9112350061D082 /* NSManagedObject+Utilities.m */ = {isa = PBXFileReference; fileEncoding = 4; lastKnownFileType = sourcecode.c.objc; path = "NSManagedObject+Utilities.m"; sourceTree = "<group>"; };
		DC2173D91A9112350061D082 /* NSManagedObject+XML.h */ = {isa = PBXFileReference; fileEncoding = 4; lastKnownFileType = sourcecode.c.h; path = "NSManagedObject+XML.h"; sourceTree = "<group>"; };
		DC2173DA1A9112350061D082 /* NSManagedObject+XML.m */ = {isa = PBXFileReference; fileEncoding = 4; lastKnownFileType = sourcecode.c.objc; path = "NSManagedObject+XML.m"; sourceTree = "<group>"; };
		DC2173DB1A9112350061D082 /* NSManagedObjectContext+Create.h */ = {isa = PBXFileReference; fileEncoding = 4; lastKnownFileType = sourcecode.c.h; path = "NSManagedObjectContext+Create.h"; sourceTree = "<group>"; };
		DC2173DC1A9112350061D082 /* NSManagedObjectContext+Create.m */ = {isa = PBXFileReference; fileEncoding = 4; lastKnownFileType = sourcecode.c.objc; path = "NSManagedObjectContext+Create.m"; sourceTree = "<group>"; };
		DC2173DD1A9112350061D082 /* NSManagedObjectContext+Edit.h */ = {isa = PBXFileReference; fileEncoding = 4; lastKnownFileType = sourcecode.c.h; path = "NSManagedObjectContext+Edit.h"; sourceTree = "<group>"; };
		DC2173DE1A9112350061D082 /* NSManagedObjectContext+Edit.m */ = {isa = PBXFileReference; fileEncoding = 4; lastKnownFileType = sourcecode.c.objc; path = "NSManagedObjectContext+Edit.m"; sourceTree = "<group>"; };
		DC2173DF1A9112350061D082 /* NSMutableURLRequest+NCCCreate.h */ = {isa = PBXFileReference; fileEncoding = 4; lastKnownFileType = sourcecode.c.h; path = "NSMutableURLRequest+NCCCreate.h"; sourceTree = "<group>"; };
		DC2173E01A9112350061D082 /* NSMutableURLRequest+NCCCreate.m */ = {isa = PBXFileReference; fileEncoding = 4; lastKnownFileType = sourcecode.c.objc; path = "NSMutableURLRequest+NCCCreate.m"; sourceTree = "<group>"; };
		DC2173E11A9112350061D082 /* UIApplication+NCCCoreData.h */ = {isa = PBXFileReference; fileEncoding = 4; lastKnownFileType = sourcecode.c.h; path = "UIApplication+NCCCoreData.h"; sourceTree = "<group>"; };
		DC2173E21A9112350061D082 /* UIApplication+NCCCoreData.m */ = {isa = PBXFileReference; fileEncoding = 4; lastKnownFileType = sourcecode.c.objc; path = "UIApplication+NCCCoreData.m"; sourceTree = "<group>"; };
		DC2173F01A91236E0061D082 /* Person.h */ = {isa = PBXFileReference; fileEncoding = 4; lastKnownFileType = sourcecode.c.h; path = Person.h; sourceTree = "<group>"; };
		DC2173F11A91236E0061D082 /* Person.m */ = {isa = PBXFileReference; fileEncoding = 4; lastKnownFileType = sourcecode.c.objc; path = Person.m; sourceTree = "<group>"; };
		DC2173F31A9126ED0061D082 /* GoogleOpenSource.framework */ = {isa = PBXFileReference; lastKnownFileType = wrapper.framework; name = GoogleOpenSource.framework; path = iOS/GoogleOpenSource.framework; sourceTree = "<group>"; };
		DC2173F41A9126ED0061D082 /* GooglePlus.bundle */ = {isa = PBXFileReference; lastKnownFileType = "wrapper.plug-in"; name = GooglePlus.bundle; path = iOS/GooglePlus.bundle; sourceTree = "<group>"; };
		DC2173F51A9126ED0061D082 /* GooglePlus.framework */ = {isa = PBXFileReference; lastKnownFileType = wrapper.framework; name = GooglePlus.framework; path = iOS/GooglePlus.framework; sourceTree = "<group>"; };
		DC2173FA1A9182950061D082 /* UIKit.framework */ = {isa = PBXFileReference; lastKnownFileType = wrapper.framework; name = UIKit.framework; path = System/Library/Frameworks/UIKit.framework; sourceTree = SDKROOT; };
		DC2D7C921A089CB30000464F /* GooglePlusViewController.h */ = {isa = PBXFileReference; fileEncoding = 4; lastKnownFileType = sourcecode.c.h; path = GooglePlusViewController.h; sourceTree = "<group>"; };
		DC2D7C931A089CB30000464F /* GooglePlusViewController.m */ = {isa = PBXFileReference; fileEncoding = 4; lastKnownFileType = sourcecode.c.objc; path = GooglePlusViewController.m; sourceTree = "<group>"; };
		DC2D7C9B1A09194D0000464F /* AddressBook.framework */ = {isa = PBXFileReference; lastKnownFileType = wrapper.framework; name = AddressBook.framework; path = System/Library/Frameworks/AddressBook.framework; sourceTree = SDKROOT; };
		DC2D7C9D1A0919520000464F /* AssetsLibrary.framework */ = {isa = PBXFileReference; lastKnownFileType = wrapper.framework; name = AssetsLibrary.framework; path = System/Library/Frameworks/AssetsLibrary.framework; sourceTree = SDKROOT; };
		DC2D7C9F1A09195D0000464F /* CoreLocation.framework */ = {isa = PBXFileReference; lastKnownFileType = wrapper.framework; name = CoreLocation.framework; path = System/Library/Frameworks/CoreLocation.framework; sourceTree = SDKROOT; };
		DC2D7CA11A0919640000464F /* CoreMotion.framework */ = {isa = PBXFileReference; lastKnownFileType = wrapper.framework; name = CoreMotion.framework; path = System/Library/Frameworks/CoreMotion.framework; sourceTree = SDKROOT; };
		DC2D7CA31A0919700000464F /* CoreGraphics.framework */ = {isa = PBXFileReference; lastKnownFileType = wrapper.framework; name = CoreGraphics.framework; path = System/Library/Frameworks/CoreGraphics.framework; sourceTree = SDKROOT; };
		DC2D7CA51A0919760000464F /* CoreText.framework */ = {isa = PBXFileReference; lastKnownFileType = wrapper.framework; name = CoreText.framework; path = System/Library/Frameworks/CoreText.framework; sourceTree = SDKROOT; };
		DC2D7CA71A09197C0000464F /* Foundation.framework */ = {isa = PBXFileReference; lastKnownFileType = wrapper.framework; name = Foundation.framework; path = System/Library/Frameworks/Foundation.framework; sourceTree = SDKROOT; };
		DC2D7CA91A09198B0000464F /* MediaPlayer.framework */ = {isa = PBXFileReference; lastKnownFileType = wrapper.framework; name = MediaPlayer.framework; path = System/Library/Frameworks/MediaPlayer.framework; sourceTree = SDKROOT; };
		DC2D7CAB1A0919910000464F /* Security.framework */ = {isa = PBXFileReference; lastKnownFileType = wrapper.framework; name = Security.framework; path = System/Library/Frameworks/Security.framework; sourceTree = SDKROOT; };
		DC2D7CAD1A09199E0000464F /* SystemConfiguration.framework */ = {isa = PBXFileReference; lastKnownFileType = wrapper.framework; name = SystemConfiguration.framework; path = System/Library/Frameworks/SystemConfiguration.framework; sourceTree = SDKROOT; };
		DC2D7CB21A09D53B0000464F /* Person+Request.h */ = {isa = PBXFileReference; fileEncoding = 4; lastKnownFileType = sourcecode.c.h; path = "Person+Request.h"; sourceTree = "<group>"; };
		DC2D7CB31A09D53B0000464F /* Person+Request.m */ = {isa = PBXFileReference; fileEncoding = 4; lastKnownFileType = sourcecode.c.objc; path = "Person+Request.m"; sourceTree = "<group>"; };
		DC2D7CB51A09D63D0000464F /* Person+JSON.h */ = {isa = PBXFileReference; fileEncoding = 4; lastKnownFileType = sourcecode.c.h; path = "Person+JSON.h"; sourceTree = "<group>"; };
		DC2D7CB61A09D63D0000464F /* Person+JSON.m */ = {isa = PBXFileReference; fileEncoding = 4; lastKnownFileType = sourcecode.c.objc; path = "Person+JSON.m"; sourceTree = "<group>"; };
		DC2D7CB81A09DCFA0000464F /* Constants.h */ = {isa = PBXFileReference; lastKnownFileType = sourcecode.c.h; path = Constants.h; sourceTree = "<group>"; };
		DC2D7CBC1A09E8EA0000464F /* Moment+JSON.h */ = {isa = PBXFileReference; fileEncoding = 4; lastKnownFileType = sourcecode.c.h; path = "Moment+JSON.h"; sourceTree = "<group>"; };
		DC2D7CBD1A09E8EA0000464F /* Moment+JSON.m */ = {isa = PBXFileReference; fileEncoding = 4; lastKnownFileType = sourcecode.c.objc; path = "Moment+JSON.m"; sourceTree = "<group>"; };
		DC2D7CBF1A09E8F70000464F /* Moment+Request.h */ = {isa = PBXFileReference; fileEncoding = 4; lastKnownFileType = sourcecode.c.h; path = "Moment+Request.h"; sourceTree = "<group>"; };
		DC2D7CC01A09E8F70000464F /* Moment+Request.m */ = {isa = PBXFileReference; fileEncoding = 4; lastKnownFileType = sourcecode.c.objc; path = "Moment+Request.m"; sourceTree = "<group>"; };
		DC2D7CC21A09E93D0000464F /* Moment.h */ = {isa = PBXFileReference; fileEncoding = 4; lastKnownFileType = sourcecode.c.h; path = Moment.h; sourceTree = "<group>"; };
		DC2D7CC31A09E93D0000464F /* Moment.m */ = {isa = PBXFileReference; fileEncoding = 4; lastKnownFileType = sourcecode.c.objc; path = Moment.m; sourceTree = "<group>"; };
		DCAC534C1A01F40300C23278 /* CoreDataClientSample.app */ = {isa = PBXFileReference; explicitFileType = wrapper.application; includeInIndex = 0; path = CoreDataClientSample.app; sourceTree = BUILT_PRODUCTS_DIR; };
		DCAC53501A01F40300C23278 /* Info.plist */ = {isa = PBXFileReference; lastKnownFileType = text.plist.xml; path = Info.plist; sourceTree = "<group>"; };
		DCAC53511A01F40300C23278 /* main.m */ = {isa = PBXFileReference; lastKnownFileType = sourcecode.c.objc; path = main.m; sourceTree = "<group>"; };
		DCAC53531A01F40300C23278 /* AppDelegate.h */ = {isa = PBXFileReference; lastKnownFileType = sourcecode.c.h; path = AppDelegate.h; sourceTree = "<group>"; };
		DCAC53541A01F40300C23278 /* AppDelegate.m */ = {isa = PBXFileReference; lastKnownFileType = sourcecode.c.objc; path = AppDelegate.m; sourceTree = "<group>"; };
		DCAC535A1A01F40300C23278 /* Base */ = {isa = PBXFileReference; lastKnownFileType = file.storyboard; name = Base; path = Base.lproj/Main.storyboard; sourceTree = "<group>"; };
		DCAC535C1A01F40300C23278 /* Images.xcassets */ = {isa = PBXFileReference; lastKnownFileType = folder.assetcatalog; path = Images.xcassets; sourceTree = "<group>"; };
		DCAC535F1A01F40300C23278 /* Base */ = {isa = PBXFileReference; lastKnownFileType = file.xib; name = Base; path = Base.lproj/LaunchScreen.xib; sourceTree = "<group>"; };
		DCAC53651A01F40300C23278 /* CoreDataClientSampleTests.xctest */ = {isa = PBXFileReference; explicitFileType = wrapper.cfbundle; includeInIndex = 0; path = CoreDataClientSampleTests.xctest; sourceTree = BUILT_PRODUCTS_DIR; };
		DCAC536A1A01F40300C23278 /* Info.plist */ = {isa = PBXFileReference; lastKnownFileType = text.plist.xml; path = Info.plist; sourceTree = "<group>"; };
		DCAC536B1A01F40300C23278 /* iOSTests.m */ = {isa = PBXFileReference; lastKnownFileType = sourcecode.c.objc; path = iOSTests.m; sourceTree = "<group>"; };
		DCAC538B1A01F5DD00C23278 /* PrefixHeader.pch */ = {isa = PBXFileReference; lastKnownFileType = sourcecode.c.h; path = PrefixHeader.pch; sourceTree = "<group>"; };
		DCAC53CF1A0542E700C23278 /* User+Request.h */ = {isa = PBXFileReference; fileEncoding = 4; lastKnownFileType = sourcecode.c.h; path = "User+Request.h"; sourceTree = "<group>"; };
		DCAC53D01A0542E700C23278 /* User+Request.m */ = {isa = PBXFileReference; fileEncoding = 4; lastKnownFileType = sourcecode.c.objc; path = "User+Request.m"; sourceTree = "<group>"; };
		DCB1BD221A059A3600F1991D /* User+JSON.h */ = {isa = PBXFileReference; fileEncoding = 4; lastKnownFileType = sourcecode.c.h; path = "User+JSON.h"; sourceTree = "<group>"; };
		DCB1BD231A059A3600F1991D /* User+JSON.m */ = {isa = PBXFileReference; fileEncoding = 4; lastKnownFileType = sourcecode.c.objc; path = "User+JSON.m"; sourceTree = "<group>"; };
		DCB1BD291A05B74500F1991D /* User.h */ = {isa = PBXFileReference; fileEncoding = 4; lastKnownFileType = sourcecode.c.h; path = User.h; sourceTree = "<group>"; };
		DCB1BD2A1A05B74500F1991D /* User.m */ = {isa = PBXFileReference; fileEncoding = 4; lastKnownFileType = sourcecode.c.objc; path = User.m; sourceTree = "<group>"; };
		DCB1BD351A05C3EE00F1991D /* NSManagedObject+RequestAdapter.h */ = {isa = PBXFileReference; fileEncoding = 4; lastKnownFileType = sourcecode.c.h; path = "NSManagedObject+RequestAdapter.h"; sourceTree = "<group>"; };
		DCB1BD361A05C3EE00F1991D /* NSManagedObject+RequestAdapter.m */ = {isa = PBXFileReference; fileEncoding = 4; lastKnownFileType = sourcecode.c.objc; path = "NSManagedObject+RequestAdapter.m"; sourceTree = "<group>"; };
		DCB1BD381A05EC5700F1991D /* Media.h */ = {isa = PBXFileReference; fileEncoding = 4; lastKnownFileType = sourcecode.c.h; path = Media.h; sourceTree = "<group>"; };
		DCB1BD391A05EC5700F1991D /* Media.m */ = {isa = PBXFileReference; fileEncoding = 4; lastKnownFileType = sourcecode.c.objc; path = Media.m; sourceTree = "<group>"; };
		DCB1BD3B1A05EC6C00F1991D /* Media+JSON.h */ = {isa = PBXFileReference; fileEncoding = 4; lastKnownFileType = sourcecode.c.h; path = "Media+JSON.h"; sourceTree = "<group>"; };
		DCB1BD3C1A05EC6C00F1991D /* Media+JSON.m */ = {isa = PBXFileReference; fileEncoding = 4; lastKnownFileType = sourcecode.c.objc; path = "Media+JSON.m"; sourceTree = "<group>"; };
		DCB1BD3E1A05EC8100F1991D /* Media+Request.h */ = {isa = PBXFileReference; fileEncoding = 4; lastKnownFileType = sourcecode.c.h; path = "Media+Request.h"; sourceTree = "<group>"; };
		DCB1BD3F1A05EC8100F1991D /* Media+Request.m */ = {isa = PBXFileReference; fileEncoding = 4; lastKnownFileType = sourcecode.c.objc; path = "Media+Request.m"; sourceTree = "<group>"; };
		DCB1BD411A067CE100F1991D /* Comment.h */ = {isa = PBXFileReference; fileEncoding = 4; lastKnownFileType = sourcecode.c.h; path = Comment.h; sourceTree = "<group>"; };
		DCB1BD421A067CE100F1991D /* Comment.m */ = {isa = PBXFileReference; fileEncoding = 4; lastKnownFileType = sourcecode.c.objc; path = Comment.m; sourceTree = "<group>"; };
		DCB1BD441A067CFC00F1991D /* Comment+JSON.h */ = {isa = PBXFileReference; fileEncoding = 4; lastKnownFileType = sourcecode.c.h; path = "Comment+JSON.h"; sourceTree = "<group>"; };
		DCB1BD451A067CFC00F1991D /* Comment+JSON.m */ = {isa = PBXFileReference; fileEncoding = 4; lastKnownFileType = sourcecode.c.objc; path = "Comment+JSON.m"; sourceTree = "<group>"; };
		DCB1BD471A067D0B00F1991D /* Comment+Request.h */ = {isa = PBXFileReference; fileEncoding = 4; lastKnownFileType = sourcecode.c.h; path = "Comment+Request.h"; sourceTree = "<group>"; };
		DCB1BD481A067D0B00F1991D /* Comment+Request.m */ = {isa = PBXFileReference; fileEncoding = 4; lastKnownFileType = sourcecode.c.objc; path = "Comment+Request.m"; sourceTree = "<group>"; };
		DCDAD4DB1A11E07700804617 /* CoreDataClientSample.xcdatamodel */ = {isa = PBXFileReference; lastKnownFileType = wrapper.xcdatamodel; path = CoreDataClientSample.xcdatamodel; sourceTree = "<group>"; };
/* End PBXFileReference section */

/* Begin PBXFrameworksBuildPhase section */
		DCAC53491A01F40300C23278 /* Frameworks */ = {
			isa = PBXFrameworksBuildPhase;
			buildActionMask = 2147483647;
			files = (
				DC2173FB1A9182950061D082 /* UIKit.framework in Frameworks */,
				DC2173F91A9182890061D082 /* Foundation.framework in Frameworks */,
				DC2D7CAE1A09199E0000464F /* SystemConfiguration.framework in Frameworks */,
				DC2D7CAC1A0919910000464F /* Security.framework in Frameworks */,
				DC2D7CAA1A09198B0000464F /* MediaPlayer.framework in Frameworks */,
				DC2D7CA61A0919760000464F /* CoreText.framework in Frameworks */,
				DC2D7CA41A0919700000464F /* CoreGraphics.framework in Frameworks */,
				DC2173F81A9126ED0061D082 /* GooglePlus.framework in Frameworks */,
				DC2D7CA21A0919640000464F /* CoreMotion.framework in Frameworks */,
				DC2D7CA01A09195E0000464F /* CoreLocation.framework in Frameworks */,
				DC2D7C9E1A0919520000464F /* AssetsLibrary.framework in Frameworks */,
				DC2D7C9C1A09194D0000464F /* AddressBook.framework in Frameworks */,
				DC2173F61A9126ED0061D082 /* GoogleOpenSource.framework in Frameworks */,
			);
			runOnlyForDeploymentPostprocessing = 0;
		};
		DCAC53621A01F40300C23278 /* Frameworks */ = {
			isa = PBXFrameworksBuildPhase;
			buildActionMask = 2147483647;
			files = (
			);
			runOnlyForDeploymentPostprocessing = 0;
		};
/* End PBXFrameworksBuildPhase section */

/* Begin PBXGroup section */
		A5D843D9175309F810581D97 /* Frameworks */ = {
			isa = PBXGroup;
			children = (
				DC2173FA1A9182950061D082 /* UIKit.framework */,
				DC2173F31A9126ED0061D082 /* GoogleOpenSource.framework */,
				DC2173F41A9126ED0061D082 /* GooglePlus.bundle */,
				DC2173F51A9126ED0061D082 /* GooglePlus.framework */,
				DC2D7CAD1A09199E0000464F /* SystemConfiguration.framework */,
				DC2D7CAB1A0919910000464F /* Security.framework */,
				DC2D7CA91A09198B0000464F /* MediaPlayer.framework */,
				DC2D7CA71A09197C0000464F /* Foundation.framework */,
				DC2D7CA51A0919760000464F /* CoreText.framework */,
				DC2D7CA31A0919700000464F /* CoreGraphics.framework */,
				DC2D7CA11A0919640000464F /* CoreMotion.framework */,
				DC2D7C9F1A09195D0000464F /* CoreLocation.framework */,
				DC2D7C9D1A0919520000464F /* AssetsLibrary.framework */,
				DC2D7C9B1A09194D0000464F /* AddressBook.framework */,
			);
			name = Frameworks;
			sourceTree = "<group>";
		};
		DC2D7C811A08895C0000464F /* CoreDataClient */ = {
			isa = PBXGroup;
			children = (
				DC2173C81A9112350061D082 /* NCCCoreDataClient.h */,
				DC2173C91A9112350061D082 /* NSManagedObject+Batch.h */,
				DC2173CA1A9112350061D082 /* NSManagedObject+Batch.m */,
				DC2173CB1A9112350061D082 /* NSManagedObject+Create.h */,
				DC2173CC1A9112350061D082 /* NSManagedObject+Create.m */,
				DC2173CD1A9112350061D082 /* NSManagedObject+Delete.h */,
				DC2173CE1A9112350061D082 /* NSManagedObject+Delete.m */,
				DC2173CF1A9112350061D082 /* NSManagedObject+Fetch.h */,
				DC2173D01A9112350061D082 /* NSManagedObject+Fetch.m */,
				DC2173D11A9112350061D082 /* NSManagedObject+JSON.h */,
				DC2173D21A9112350061D082 /* NSManagedObject+JSON.m */,
				DC2173D31A9112350061D082 /* NSManagedObject+NCCRequest.h */,
				DC2173D41A9112350061D082 /* NSManagedObject+NCCRequest.m */,
				DC2173D51A9112350061D082 /* NSManagedObject+Save.h */,
				DC2173D61A9112350061D082 /* NSManagedObject+Save.m */,
				DC2173D71A9112350061D082 /* NSManagedObject+Utilities.h */,
				DC2173D81A9112350061D082 /* NSManagedObject+Utilities.m */,
				DC2173D91A9112350061D082 /* NSManagedObject+XML.h */,
				DC2173DA1A9112350061D082 /* NSManagedObject+XML.m */,
				DC2173DB1A9112350061D082 /* NSManagedObjectContext+Create.h */,
				DC2173DC1A9112350061D082 /* NSManagedObjectContext+Create.m */,
				DC2173DD1A9112350061D082 /* NSManagedObjectContext+Edit.h */,
				DC2173DE1A9112350061D082 /* NSManagedObjectContext+Edit.m */,
				DC2173DF1A9112350061D082 /* NSMutableURLRequest+NCCCreate.h */,
				DC2173E01A9112350061D082 /* NSMutableURLRequest+NCCCreate.m */,
				DC2173E11A9112350061D082 /* UIApplication+NCCCoreData.h */,
				DC2173E21A9112350061D082 /* UIApplication+NCCCoreData.m */,
			);
			name = CoreDataClient;
			path = ../../../CoreDataClient/CoreDataClient;
			sourceTree = "<group>";
		};
		DCAC53431A01F40300C23278 = {
			isa = PBXGroup;
			children = (
				DCAC534E1A01F40300C23278 /* CoreDataClientSample */,
				DCAC53681A01F40300C23278 /* iOSTests */,
				DCAC534D1A01F40300C23278 /* Products */,
				A5D843D9175309F810581D97 /* Frameworks */,
			);
			sourceTree = "<group>";
		};
		DCAC534D1A01F40300C23278 /* Products */ = {
			isa = PBXGroup;
			children = (
				DCAC534C1A01F40300C23278 /* CoreDataClientSample.app */,
				DCAC53651A01F40300C23278 /* CoreDataClientSampleTests.xctest */,
			);
			name = Products;
			sourceTree = "<group>";
		};
		DCAC534E1A01F40300C23278 /* CoreDataClientSample */ = {
			isa = PBXGroup;
			children = (
				DCAC53841A01F54600C23278 /* Models */,
				DCAC53531A01F40300C23278 /* AppDelegate.h */,
				DCAC53541A01F40300C23278 /* AppDelegate.m */,
				DC2D7CB81A09DCFA0000464F /* Constants.h */,
				DC2D7C921A089CB30000464F /* GooglePlusViewController.h */,
				DC2D7C931A089CB30000464F /* GooglePlusViewController.m */,
				DCAC53591A01F40300C23278 /* Main.storyboard */,
				DCAC535C1A01F40300C23278 /* Images.xcassets */,
				DCAC535E1A01F40300C23278 /* LaunchScreen.xib */,
				DC2D7C811A08895C0000464F /* CoreDataClient */,
				DCAC534F1A01F40300C23278 /* Supporting Files */,
			);
			name = CoreDataClientSample;
			path = iOS;
			sourceTree = "<group>";
		};
		DCAC534F1A01F40300C23278 /* Supporting Files */ = {
			isa = PBXGroup;
			children = (
				DCAC53501A01F40300C23278 /* Info.plist */,
				DCAC53511A01F40300C23278 /* main.m */,
				DCAC538B1A01F5DD00C23278 /* PrefixHeader.pch */,
			);
			name = "Supporting Files";
			sourceTree = "<group>";
		};
		DCAC53681A01F40300C23278 /* iOSTests */ = {
			isa = PBXGroup;
			children = (
				6018C35B1AB75F11006850C4 /* CoreDataClientTests.m */,
				6018C35C1AB75F11006850C4 /* NSManagedObjectTests.m */,
				6018C35D1AB75F11006850C4 /* NSManagedObjectTests+Batch.m */,
				DCAC536B1A01F40300C23278 /* iOSTests.m */,
				DCAC53691A01F40300C23278 /* Supporting Files */,
			);
			path = iOSTests;
			sourceTree = "<group>";
		};
		DCAC53691A01F40300C23278 /* Supporting Files */ = {
			isa = PBXGroup;
			children = (
				DCAC536A1A01F40300C23278 /* Info.plist */,
			);
			name = "Supporting Files";
			sourceTree = "<group>";
		};
		DCAC53841A01F54600C23278 /* Models */ = {
			isa = PBXGroup;
			children = (
				DCDAD4DA1A11E07700804617 /* CoreDataClientSample.xcdatamodeld */,
				DCB1BD351A05C3EE00F1991D /* NSManagedObject+RequestAdapter.h */,
				DCB1BD361A05C3EE00F1991D /* NSManagedObject+RequestAdapter.m */,
				DCB1BD411A067CE100F1991D /* Comment.h */,
				DCB1BD421A067CE100F1991D /* Comment.m */,
				DCB1BD441A067CFC00F1991D /* Comment+JSON.h */,
				DCB1BD451A067CFC00F1991D /* Comment+JSON.m */,
				DCB1BD471A067D0B00F1991D /* Comment+Request.h */,
				DCB1BD481A067D0B00F1991D /* Comment+Request.m */,
				DCB1BD381A05EC5700F1991D /* Media.h */,
				DCB1BD391A05EC5700F1991D /* Media.m */,
				DCB1BD3B1A05EC6C00F1991D /* Media+JSON.h */,
				DCB1BD3C1A05EC6C00F1991D /* Media+JSON.m */,
				DCB1BD3E1A05EC8100F1991D /* Media+Request.h */,
				DCB1BD3F1A05EC8100F1991D /* Media+Request.m */,
				DCB1BD291A05B74500F1991D /* User.h */,
				DCB1BD2A1A05B74500F1991D /* User.m */,
				DCB1BD221A059A3600F1991D /* User+JSON.h */,
				DCB1BD231A059A3600F1991D /* User+JSON.m */,
				DCAC53CF1A0542E700C23278 /* User+Request.h */,
				DCAC53D01A0542E700C23278 /* User+Request.m */,
				DC2173F01A91236E0061D082 /* Person.h */,
				DC2173F11A91236E0061D082 /* Person.m */,
				DC2D7CB51A09D63D0000464F /* Person+JSON.h */,
				DC2D7CB61A09D63D0000464F /* Person+JSON.m */,
				DC2D7CB21A09D53B0000464F /* Person+Request.h */,
				DC2D7CB31A09D53B0000464F /* Person+Request.m */,
				DC2D7CC21A09E93D0000464F /* Moment.h */,
				DC2D7CC31A09E93D0000464F /* Moment.m */,
				DC2D7CBC1A09E8EA0000464F /* Moment+JSON.h */,
				DC2D7CBD1A09E8EA0000464F /* Moment+JSON.m */,
				DC2D7CBF1A09E8F70000464F /* Moment+Request.h */,
				DC2D7CC01A09E8F70000464F /* Moment+Request.m */,
			);
			name = Models;
			sourceTree = "<group>";
		};
/* End PBXGroup section */

/* Begin PBXNativeTarget section */
		DCAC534B1A01F40300C23278 /* CoreDataClientSample */ = {
			isa = PBXNativeTarget;
			buildConfigurationList = DCAC536F1A01F40300C23278 /* Build configuration list for PBXNativeTarget "CoreDataClientSample" */;
			buildPhases = (
				DCAC53481A01F40300C23278 /* Sources */,
				DCAC53491A01F40300C23278 /* Frameworks */,
				DCAC534A1A01F40300C23278 /* Resources */,
			);
			buildRules = (
			);
			dependencies = (
			);
			name = CoreDataClientSample;
			productName = iOS;
			productReference = DCAC534C1A01F40300C23278 /* CoreDataClientSample.app */;
			productType = "com.apple.product-type.application";
		};
		DCAC53641A01F40300C23278 /* CoreDataClientSampleTests */ = {
			isa = PBXNativeTarget;
			buildConfigurationList = DCAC53721A01F40300C23278 /* Build configuration list for PBXNativeTarget "CoreDataClientSampleTests" */;
			buildPhases = (
				DCAC53611A01F40300C23278 /* Sources */,
				DCAC53621A01F40300C23278 /* Frameworks */,
				DCAC53631A01F40300C23278 /* Resources */,
			);
			buildRules = (
			);
			dependencies = (
				DCAC53671A01F40300C23278 /* PBXTargetDependency */,
			);
			name = CoreDataClientSampleTests;
			productName = iOSTests;
			productReference = DCAC53651A01F40300C23278 /* CoreDataClientSampleTests.xctest */;
			productType = "com.apple.product-type.bundle.unit-test";
		};
/* End PBXNativeTarget section */

/* Begin PBXProject section */
		DCAC53441A01F40300C23278 /* Project object */ = {
			isa = PBXProject;
			attributes = {
				LastUpgradeCheck = 0610;
				ORGANIZATIONNAME = "Nathaniel Potter";
				TargetAttributes = {
					DCAC534B1A01F40300C23278 = {
						CreatedOnToolsVersion = 6.1;
					};
					DCAC53641A01F40300C23278 = {
						CreatedOnToolsVersion = 6.1;
						TestTargetID = DCAC534B1A01F40300C23278;
					};
				};
			};
			buildConfigurationList = DCAC53471A01F40300C23278 /* Build configuration list for PBXProject "CoreDataClientSample" */;
			compatibilityVersion = "Xcode 3.2";
			developmentRegion = English;
			hasScannedForEncodings = 0;
			knownRegions = (
				en,
				Base,
			);
			mainGroup = DCAC53431A01F40300C23278;
			productRefGroup = DCAC534D1A01F40300C23278 /* Products */;
			projectDirPath = "";
			projectRoot = "";
			targets = (
				DCAC534B1A01F40300C23278 /* CoreDataClientSample */,
				DCAC53641A01F40300C23278 /* CoreDataClientSampleTests */,
			);
		};
/* End PBXProject section */

/* Begin PBXResourcesBuildPhase section */
		DCAC534A1A01F40300C23278 /* Resources */ = {
			isa = PBXResourcesBuildPhase;
			buildActionMask = 2147483647;
			files = (
				DCAC535B1A01F40300C23278 /* Main.storyboard in Resources */,
				DC2173F71A9126ED0061D082 /* GooglePlus.bundle in Resources */,
				DCAC53601A01F40300C23278 /* LaunchScreen.xib in Resources */,
				DCAC535D1A01F40300C23278 /* Images.xcassets in Resources */,
			);
			runOnlyForDeploymentPostprocessing = 0;
		};
		DCAC53631A01F40300C23278 /* Resources */ = {
			isa = PBXResourcesBuildPhase;
			buildActionMask = 2147483647;
			files = (
			);
			runOnlyForDeploymentPostprocessing = 0;
		};
/* End PBXResourcesBuildPhase section */

/* Begin PBXSourcesBuildPhase section */
		DCAC53481A01F40300C23278 /* Sources */ = {
			isa = PBXSourcesBuildPhase;
			buildActionMask = 2147483647;
			files = (
				DC2D7CC41A09E93D0000464F /* Moment.m in Sources */,
				DCB1BD491A067D0B00F1991D /* Comment+Request.m in Sources */,
				DC2173E41A9112350061D082 /* NSManagedObject+Create.m in Sources */,
				DC2173F21A91236E0061D082 /* Person.m in Sources */,
				DC2173E81A9112350061D082 /* NSManagedObject+NCCRequest.m in Sources */,
				DC2173E61A9112350061D082 /* NSManagedObject+Fetch.m in Sources */,
				DC2173E51A9112350061D082 /* NSManagedObject+Delete.m in Sources */,
				DCB1BD401A05EC8100F1991D /* Media+Request.m in Sources */,
				DC2173ED1A9112350061D082 /* NSManagedObjectContext+Edit.m in Sources */,
				DC2173EB1A9112350061D082 /* NSManagedObject+XML.m in Sources */,
				DCB1BD371A05C3EE00F1991D /* NSManagedObject+RequestAdapter.m in Sources */,
				DCB1BD241A059A3600F1991D /* User+JSON.m in Sources */,
				DC2D7CB41A09D53B0000464F /* Person+Request.m in Sources */,
				DC2D7CC11A09E8F70000464F /* Moment+Request.m in Sources */,
				DC2173EC1A9112350061D082 /* NSManagedObjectContext+Create.m in Sources */,
				DC2D7CB71A09D63D0000464F /* Person+JSON.m in Sources */,
				DC2D7C941A089CB30000464F /* GooglePlusViewController.m in Sources */,
				DCAC53551A01F40300C23278 /* AppDelegate.m in Sources */,
				DC2173EF1A9112350061D082 /* UIApplication+NCCCoreData.m in Sources */,
				DCDAD4DC1A11E07700804617 /* CoreDataClientSample.xcdatamodeld in Sources */,
				DC2173E31A9112350061D082 /* NSManagedObject+Batch.m in Sources */,
				DC2173EE1A9112350061D082 /* NSMutableURLRequest+NCCCreate.m in Sources */,
				DC2173E71A9112350061D082 /* NSManagedObject+JSON.m in Sources */,
				DCB1BD2B1A05B74500F1991D /* User.m in Sources */,
				DCB1BD431A067CE100F1991D /* Comment.m in Sources */,
				DC2173E91A9112350061D082 /* NSManagedObject+Save.m in Sources */,
				DCB1BD461A067CFC00F1991D /* Comment+JSON.m in Sources */,
				DC2173EA1A9112350061D082 /* NSManagedObject+Utilities.m in Sources */,
				DCB1BD3A1A05EC5700F1991D /* Media.m in Sources */,
				DCAC53D11A0542E700C23278 /* User+Request.m in Sources */,
				DCAC53521A01F40300C23278 /* main.m in Sources */,
				DCB1BD3D1A05EC6C00F1991D /* Media+JSON.m in Sources */,
				DC2D7CBE1A09E8EA0000464F /* Moment+JSON.m in Sources */,
			);
			runOnlyForDeploymentPostprocessing = 0;
		};
		DCAC53611A01F40300C23278 /* Sources */ = {
			isa = PBXSourcesBuildPhase;
			buildActionMask = 2147483647;
			files = (
				60505FFC1AB77E5B006FDBDF /* NSManagedObjectTests+Batch.m in Sources */,
			);
			runOnlyForDeploymentPostprocessing = 0;
		};
/* End PBXSourcesBuildPhase section */

/* Begin PBXTargetDependency section */
		DCAC53671A01F40300C23278 /* PBXTargetDependency */ = {
			isa = PBXTargetDependency;
			target = DCAC534B1A01F40300C23278 /* CoreDataClientSample */;
			targetProxy = DCAC53661A01F40300C23278 /* PBXContainerItemProxy */;
		};
/* End PBXTargetDependency section */

/* Begin PBXVariantGroup section */
		DCAC53591A01F40300C23278 /* Main.storyboard */ = {
			isa = PBXVariantGroup;
			children = (
				DCAC535A1A01F40300C23278 /* Base */,
			);
			name = Main.storyboard;
			sourceTree = "<group>";
		};
		DCAC535E1A01F40300C23278 /* LaunchScreen.xib */ = {
			isa = PBXVariantGroup;
			children = (
				DCAC535F1A01F40300C23278 /* Base */,
			);
			name = LaunchScreen.xib;
			sourceTree = "<group>";
		};
/* End PBXVariantGroup section */

/* Begin XCBuildConfiguration section */
		DCAC536D1A01F40300C23278 /* Debug */ = {
			isa = XCBuildConfiguration;
			buildSettings = {
				ALWAYS_SEARCH_USER_PATHS = NO;
				CLANG_CXX_LANGUAGE_STANDARD = "gnu++0x";
				CLANG_CXX_LIBRARY = "libc++";
				CLANG_ENABLE_MODULES = YES;
				CLANG_ENABLE_OBJC_ARC = YES;
				CLANG_WARN_BOOL_CONVERSION = YES;
				CLANG_WARN_CONSTANT_CONVERSION = YES;
				CLANG_WARN_DIRECT_OBJC_ISA_USAGE = YES_ERROR;
				CLANG_WARN_EMPTY_BODY = YES;
				CLANG_WARN_ENUM_CONVERSION = YES;
				CLANG_WARN_INT_CONVERSION = YES;
				CLANG_WARN_OBJC_ROOT_CLASS = YES_ERROR;
				CLANG_WARN_UNREACHABLE_CODE = YES;
				CLANG_WARN__DUPLICATE_METHOD_MATCH = YES;
				"CODE_SIGN_IDENTITY[sdk=iphoneos*]" = "iPhone Developer";
				COPY_PHASE_STRIP = NO;
				ENABLE_STRICT_OBJC_MSGSEND = YES;
				GCC_C_LANGUAGE_STANDARD = gnu99;
				GCC_DYNAMIC_NO_PIC = NO;
				GCC_OPTIMIZATION_LEVEL = 0;
				GCC_PREFIX_HEADER = iOS/PrefixHeader.pch;
				GCC_PREPROCESSOR_DEFINITIONS = (
					"DEBUG=1",
					"$(inherited)",
				);
				GCC_SYMBOLS_PRIVATE_EXTERN = NO;
				GCC_WARN_64_TO_32_BIT_CONVERSION = YES;
				GCC_WARN_ABOUT_RETURN_TYPE = YES_ERROR;
				GCC_WARN_UNDECLARED_SELECTOR = YES;
				GCC_WARN_UNINITIALIZED_AUTOS = YES_AGGRESSIVE;
				GCC_WARN_UNUSED_FUNCTION = YES;
				GCC_WARN_UNUSED_VARIABLE = YES;
				HEADER_SEARCH_PATHS = (
					/Applications/Xcode.app/Contents/Developer/Toolchains/XcodeDefault.xctoolchain/usr/include,
					"$(inherited)",
				);
				IPHONEOS_DEPLOYMENT_TARGET = 8.1;
				MTL_ENABLE_DEBUG_INFO = YES;
				ONLY_ACTIVE_ARCH = YES;
				SDKROOT = iphoneos;
				TARGETED_DEVICE_FAMILY = "1,2";
				USER_HEADER_SEARCH_PATHS = "";
			};
			name = Debug;
		};
		DCAC536E1A01F40300C23278 /* Release */ = {
			isa = XCBuildConfiguration;
			buildSettings = {
				ALWAYS_SEARCH_USER_PATHS = NO;
				CLANG_CXX_LANGUAGE_STANDARD = "gnu++0x";
				CLANG_CXX_LIBRARY = "libc++";
				CLANG_ENABLE_MODULES = YES;
				CLANG_ENABLE_OBJC_ARC = YES;
				CLANG_WARN_BOOL_CONVERSION = YES;
				CLANG_WARN_CONSTANT_CONVERSION = YES;
				CLANG_WARN_DIRECT_OBJC_ISA_USAGE = YES_ERROR;
				CLANG_WARN_EMPTY_BODY = YES;
				CLANG_WARN_ENUM_CONVERSION = YES;
				CLANG_WARN_INT_CONVERSION = YES;
				CLANG_WARN_OBJC_ROOT_CLASS = YES_ERROR;
				CLANG_WARN_UNREACHABLE_CODE = YES;
				CLANG_WARN__DUPLICATE_METHOD_MATCH = YES;
				"CODE_SIGN_IDENTITY[sdk=iphoneos*]" = "iPhone Developer";
				COPY_PHASE_STRIP = YES;
				ENABLE_NS_ASSERTIONS = NO;
				ENABLE_STRICT_OBJC_MSGSEND = YES;
				GCC_C_LANGUAGE_STANDARD = gnu99;
				GCC_PREFIX_HEADER = iOS/PrefixHeader.pch;
				GCC_WARN_64_TO_32_BIT_CONVERSION = YES;
				GCC_WARN_ABOUT_RETURN_TYPE = YES_ERROR;
				GCC_WARN_UNDECLARED_SELECTOR = YES;
				GCC_WARN_UNINITIALIZED_AUTOS = YES_AGGRESSIVE;
				GCC_WARN_UNUSED_FUNCTION = YES;
				GCC_WARN_UNUSED_VARIABLE = YES;
				HEADER_SEARCH_PATHS = (
					/Applications/Xcode.app/Contents/Developer/Toolchains/XcodeDefault.xctoolchain/usr/include,
					"$(inherited)",
				);
				IPHONEOS_DEPLOYMENT_TARGET = 8.1;
				MTL_ENABLE_DEBUG_INFO = NO;
				SDKROOT = iphoneos;
				TARGETED_DEVICE_FAMILY = "1,2";
				USER_HEADER_SEARCH_PATHS = "";
				VALIDATE_PRODUCT = YES;
			};
			name = Release;
		};
		DCAC53701A01F40300C23278 /* Debug */ = {
			isa = XCBuildConfiguration;
			buildSettings = {
				ASSETCATALOG_COMPILER_APPICON_NAME = AppIcon;
				FRAMEWORK_SEARCH_PATHS = (
					"$(inherited)",
					"$(PROJECT_DIR)/google-plus-ios-sdk-1.7.1",
					"$(PROJECT_DIR)/iOS",
				);
				INFOPLIST_FILE = iOS/Info.plist;
				LD_RUNPATH_SEARCH_PATHS = "$(inherited) @executable_path/Frameworks";
				OTHER_LDFLAGS = "-ObjC";
				PRODUCT_NAME = CoreDataClientSample;
			};
			name = Debug;
		};
		DCAC53711A01F40300C23278 /* Release */ = {
			isa = XCBuildConfiguration;
			buildSettings = {
				ASSETCATALOG_COMPILER_APPICON_NAME = AppIcon;
				FRAMEWORK_SEARCH_PATHS = (
					"$(inherited)",
					"$(PROJECT_DIR)/google-plus-ios-sdk-1.7.1",
					"$(PROJECT_DIR)/iOS",
				);
				INFOPLIST_FILE = iOS/Info.plist;
				LD_RUNPATH_SEARCH_PATHS = "$(inherited) @executable_path/Frameworks";
				OTHER_LDFLAGS = "-ObjC";
				PRODUCT_NAME = CoreDataClientSample;
			};
			name = Release;
		};
		DCAC53731A01F40300C23278 /* Debug */ = {
			isa = XCBuildConfiguration;
			buildSettings = {
				BUNDLE_LOADER = "$(TEST_HOST)";
				FRAMEWORK_SEARCH_PATHS = (
					"$(SDKROOT)/Developer/Library/Frameworks",
					"$(inherited)",
				);
				GCC_PREPROCESSOR_DEFINITIONS = (
					"DEBUG=1",
					"$(inherited)",
				);
				INFOPLIST_FILE = iOSTests/Info.plist;
				LD_RUNPATH_SEARCH_PATHS = "$(inherited) @executable_path/Frameworks @loader_path/Frameworks";
				PRODUCT_NAME = CoreDataClientSampleTests;
				TEST_HOST = "$(BUILT_PRODUCTS_DIR)/CoreDataClientSample.app/CoreDataClientSample";
			};
			name = Debug;
		};
		DCAC53741A01F40300C23278 /* Release */ = {
			isa = XCBuildConfiguration;
			buildSettings = {
				BUNDLE_LOADER = "$(TEST_HOST)";
				FRAMEWORK_SEARCH_PATHS = (
					"$(SDKROOT)/Developer/Library/Frameworks",
					"$(inherited)",
				);
				INFOPLIST_FILE = iOSTests/Info.plist;
				LD_RUNPATH_SEARCH_PATHS = "$(inherited) @executable_path/Frameworks @loader_path/Frameworks";
				PRODUCT_NAME = CoreDataClientSampleTests;
				TEST_HOST = "$(BUILT_PRODUCTS_DIR)/CoreDataClientSample.app/CoreDataClientSample";
			};
			name = Release;
		};
/* End XCBuildConfiguration section */

/* Begin XCConfigurationList section */
		DCAC53471A01F40300C23278 /* Build configuration list for PBXProject "CoreDataClientSample" */ = {
			isa = XCConfigurationList;
			buildConfigurations = (
				DCAC536D1A01F40300C23278 /* Debug */,
				DCAC536E1A01F40300C23278 /* Release */,
			);
			defaultConfigurationIsVisible = 0;
			defaultConfigurationName = Release;
		};
		DCAC536F1A01F40300C23278 /* Build configuration list for PBXNativeTarget "CoreDataClientSample" */ = {
			isa = XCConfigurationList;
			buildConfigurations = (
				DCAC53701A01F40300C23278 /* Debug */,
				DCAC53711A01F40300C23278 /* Release */,
			);
			defaultConfigurationIsVisible = 0;
			defaultConfigurationName = Release;
		};
		DCAC53721A01F40300C23278 /* Build configuration list for PBXNativeTarget "CoreDataClientSampleTests" */ = {
			isa = XCConfigurationList;
			buildConfigurations = (
				DCAC53731A01F40300C23278 /* Debug */,
				DCAC53741A01F40300C23278 /* Release */,
			);
			defaultConfigurationIsVisible = 0;
			defaultConfigurationName = Release;
		};
/* End XCConfigurationList section */

/* Begin XCVersionGroup section */
		DCDAD4DA1A11E07700804617 /* CoreDataClientSample.xcdatamodeld */ = {
			isa = XCVersionGroup;
			children = (
				DCDAD4DB1A11E07700804617 /* CoreDataClientSample.xcdatamodel */,
			);
			currentVersion = DCDAD4DB1A11E07700804617 /* CoreDataClientSample.xcdatamodel */;
			path = CoreDataClientSample.xcdatamodeld;
			sourceTree = "<group>";
			versionGroupType = wrapper.xcdatamodel;
		};
/* End XCVersionGroup section */
	};
	rootObject = DCAC53441A01F40300C23278 /* Project object */;
}
